{"mod":{"guid":"sb.iam.sb","name":"\u66F4\u5DEE\u7684\u5408\u6210","version":"1.0.0","author":"","description":"","rootNamespace":"MyMod"},"items":[],"recipes":[],"assets":[],"eventHandlers":"//REGISTER_RECIPE:{\u0022ResultId\u0022:\u0022tz\u0022,\u0022Category\u0022:\u0022Tools\u0022,\u0022IntRequirement\u0022:2,\u0022ResultAmount\u0022:1,\u0022ResultCondition\u0022:1,\u0022IsLiquidResult\u0022:false,\u0022Ingredients\u0022:[{\u0022Mode\u0022:\u0022specific\u0022,\u0022Id\u0022:\u0022scrapmetal\u0022,\u0022Amount\u0022:1,\u0022IsLiquid\u0022:false,\u0022DestroyItem\u0022:true}]}\n\n//REGISTER_ITEM:{\u0022Id\u0022:\u0022tz\u0022,\u0022FullName\u0022:\u0022\u4F53\u91CD\u63A2\u6D4B\u5668\u0022,\u0022Description\u0022:\u0022\u68C0\u6D4B\u4F60\u7684\u4F53\u91CD\u0022,\u0022Category\u0022:\u0022material\u0022,\u0022Weight\u0022:0.4,\u0022Value\u0022:1,\u0022DecayMinutes\u0022:180,\u0022Recognition\u0022:2,\u0022SpawnFrequency\u0022:1,\u0022SpriteAssetId\u0022:\u0022\u672A\u6807\u9898-1.png\u0022}\n\n\u0022bandage\u0022\n//ITEM_USE_ACTION:tz\nif (body.weightOffset \u003E 5) {\n  body.talker.Talk(\u0022\u5927\u4E8E\u4E94\u0022);\n} else {\n  body.talker.Talk(\u0022\u5C0F\u4E8E\u4E94\u0022);\n}\n//END_ITEM_USE_ACTION\nif (body.weightOffset \u003E 5) {\n  body.talker.Talk(\u0022\u5927\u4E8E\u4E94\u0022);\n} else {\n  body.talker.Talk(\u0022\u5C0F\u4E8E\u4E94\u0022);\n}\n\nbody.limbs[1].skinHealth = 100f;\n","eventHandlersXml":"\u003Cxml xmlns=\u0022https://developers.google.com/blockly/xml\u0022\u003E\u003Cblock type=\u0022cu_register_recipe\u0022 id=\u0022x;v0EiyH7I!B~FY63vde\u0022 x=\u0022740\u0022 y=\u0022100\u0022\u003E\u003Cvalue name=\u0022INPUTS\u0022\u003E\u003Cshadow type=\u0022lists_create_with\u0022 id=\u0022zy5)g?{xBW,))MyHdW5/\u0022\u003E\u003Cmutation items=\u00223\u0022\u003E\u003C/mutation\u003E\u003C/shadow\u003E\u003Cblock type=\u0022lists_create_with\u0022 id=\u0022NDP*Gw4);TX.$4,9%-JR\u0022\u003E\u003Cmutation items=\u00221\u0022\u003E\u003C/mutation\u003E\u003Cvalue name=\u0022ADD0\u0022\u003E\u003Cblock type=\u0022cu_item_vanilla\u0022 id=\u0022LJb\u002BVqN~86A#u!C:V[Su\u0022\u003E\u003Cfield name=\u0022ID\u0022\u003Escrapmetal\u003C/field\u003E\u003C/block\u003E\u003C/value\u003E\u003C/block\u003E\u003C/value\u003E\u003Cvalue name=\u0022OUTPUT\u0022\u003E\u003Cshadow type=\u0022cu_item_vanilla\u0022 id=\u0022Y/5#82s,_wCH9iy]t$Bm\u0022\u003E\u003Cfield name=\u0022ID\u0022\u003Ebandage\u003C/field\u003E\u003C/shadow\u003E\u003Cblock type=\u0022cu_item_custom\u0022 id=\u0022MN)Gk6xSy2lY*R(6^;pq\u0022\u003E\u003Cfield name=\u0022ID\u0022\u003Etz\u003C/field\u003E\u003C/block\u003E\u003C/value\u003E\u003Cvalue name=\u0022AMOUNT\u0022\u003E\u003Cshadow type=\u0022cu_number\u0022 id=\u00223(DhmnHPa;N\u002B6^d-5fK^\u0022\u003E\u003Cfield name=\u0022NUM\u0022\u003E1\u003C/field\u003E\u003C/shadow\u003E\u003C/value\u003E\u003Cvalue name=\u0022RESULT_CONDITION\u0022\u003E\u003Cshadow type=\u0022cu_number\u0022 id=\u0022?C!*#%nBCIFJCY\u002BF#\u0060!x\u0022\u003E\u003Cfield name=\u0022NUM\u0022\u003E-1\u003C/field\u003E\u003C/shadow\u003E\u003C/value\u003E\u003Cvalue name=\u0022IS_REPAIR\u0022\u003E\u003Cshadow type=\u0022cu_false\u0022 id=\u0022D:/)R:Etczac9ss[/W*o\u0022\u003E\u003C/shadow\u003E\u003C/value\u003E\u003C/block\u003E\u003Cblock type=\u0022cu_register_item\u0022 id=\u0022o!T.fPY7H\u002B5.wFLb1\u002BIs\u0022 x=\u0022740\u0022 y=\u0022180\u0022\u003E\u003Cfield name=\u0022FULL_NAME\u0022\u003E\u4F53\u91CD\u63A2\u6D4B\u5668\u003C/field\u003E\u003Cfield name=\u0022DESC\u0022\u003E\u68C0\u6D4B\u4F60\u7684\u4F53\u91CD\u003C/field\u003E\u003Cfield name=\u0022CATEGORY\u0022\u003Ematerial\u003C/field\u003E\u003Cvalue name=\u0022ID\u0022\u003E\u003Cshadow type=\u0022cu_item_custom\u0022 id=\u0022g(Oz$5ij!X5!fE%CxQ]_\u0022\u003E\u003Cfield name=\u0022ID\u0022\u003Etz\u003C/field\u003E\u003C/shadow\u003E\u003C/value\u003E\u003Cvalue name=\u0022SPRITE_REF\u0022\u003E\u003Cblock type=\u0022cu_sprite_ref\u0022 id=\u0022lIWf-\u0060:$5J:}x8XRQyBt\u0022\u003E\u003Cfield name=\u0022ASSET\u0022\u003E\u672A\u6807\u9898-1.png\u003C/field\u003E\u003C/block\u003E\u003C/value\u003E\u003C/block\u003E\u003Cblock type=\u0022cu_item_vanilla\u0022 id=\u0022}o35IOt^Z5vq6f[lxbTv\u0022 x=\u0022420\u0022 y=\u0022260\u0022\u003E\u003Cfield name=\u0022ID\u0022\u003Ebandage\u003C/field\u003E\u003C/block\u003E\u003Cblock type=\u0022cu_define_item_use\u0022 id=\u0022d]y4gq%(s6pakLL4HW#N\u0022 x=\u0022740\u0022 y=\u0022300\u0022\u003E\u003Cvalue name=\u0022ITEM\u0022\u003E\u003Cshadow type=\u0022cu_item_custom\u0022 id=\u0022RAclgF,W8(LeB}iA88oX\u0022\u003E\u003Cfield name=\u0022ID\u0022\u003Etz\u003C/field\u003E\u003C/shadow\u003E\u003C/value\u003E\u003Cnext\u003E\u003Cblock type=\u0022cu_if_else\u0022 id=\u0022FdqYoNU8Io)!-^xYaJE;\u0022\u003E\u003Cvalue name=\u0022CONDITION\u0022\u003E\u003Cblock type=\u0022cu_number_compare\u0022 id=\u0022bOHQkX;T30iMhzB6ts^9\u0022\u003E\u003Cfield name=\u0022OP\u0022\u003E\u0026gt;\u003C/field\u003E\u003Cvalue name=\u0022A\u0022\u003E\u003Cshadow type=\u0022cu_number\u0022 id=\u00224VD{e8#\u0060r4bDlPR]?k^V\u0022\u003E\u003Cfield name=\u0022NUM\u0022\u003E0\u003C/field\u003E\u003C/shadow\u003E\u003Cblock type=\u0022cu_weight\u0022 id=\u0022Jv|uuq{}7VIywoR,Rtfl\u0022\u003E\u003C/block\u003E\u003C/value\u003E\u003Cvalue name=\u0022B\u0022\u003E\u003Cshadow type=\u0022cu_number\u0022 id=\u00226yh(Sdi?Tpy]O1h^G:V?\u0022\u003E\u003Cfield name=\u0022NUM\u0022\u003E5\u003C/field\u003E\u003C/shadow\u003E\u003C/value\u003E\u003C/block\u003E\u003C/value\u003E\u003Cstatement name=\u0022THEN\u0022\u003E\u003Cblock type=\u0022cu_talk\u0022 id=\u0022j9[LmHCvw!:k[$p|yLqE\u0022\u003E\u003Cvalue name=\u0022TEXT\u0022\u003E\u003Cshadow type=\u0022cu_text\u0022 id=\u0022;Ntnb4y=PB_RI:JpG6Jx\u0022\u003E\u003Cfield name=\u0022TEXT\u0022\u003E\u5927\u4E8E\u4E94\u003C/field\u003E\u003C/shadow\u003E\u003C/value\u003E\u003C/block\u003E\u003C/statement\u003E\u003Cstatement name=\u0022ELSE\u0022\u003E\u003Cblock type=\u0022cu_talk\u0022 id=\u0022*@Cp\u002BI3$z\u0060%q2GF?C)@q\u0022\u003E\u003Cvalue name=\u0022TEXT\u0022\u003E\u003Cshadow type=\u0022cu_text\u0022 id=\u00225Ul)~Zp\u002B3b06},|*y/\u0060r\u0022\u003E\u003Cfield name=\u0022TEXT\u0022\u003E\u5C0F\u4E8E\u4E94\u003C/field\u003E\u003C/shadow\u003E\u003C/value\u003E\u003C/block\u003E\u003C/statement\u003E\u003C/block\u003E\u003C/next\u003E\u003C/block\u003E\u003Cblock type=\u0022cu_set_limb_skin_health\u0022 id=\u0022\u0060awL@)UzAJa$ay*@=u$7\u0022 x=\u0022300\u0022 y=\u0022380\u0022\u003E\u003Cvalue name=\u0022LIMB\u0022\u003E\u003Cshadow type=\u0022cu_limb_index\u0022 id=\u0022SEr[0D{Z|D(7U7]#2Uw/\u0022\u003E\u003Cfield name=\u0022LIMB\u0022\u003E1\u003C/field\u003E\u003C/shadow\u003E\u003C/value\u003E\u003Cvalue name=\u0022VALUE\u0022\u003E\u003Cshadow type=\u0022cu_number\u0022 id=\u0022~$,v*kjYYnXxvb[;bdkC\u0022\u003E\u003Cfield name=\u0022NUM\u0022\u003E100\u003C/field\u003E\u003C/shadow\u003E\u003C/value\u003E\u003C/block\u003E\u003C/xml\u003E"}