{"mod":{"guid":"com.example.mymod","name":"a","version":"1.0.0","author":"","description":"","rootNamespace":"MyMod"},"items":[],"recipes":[],"assets":[],"eventHandlers":"//PATCH:Awake\n//ENDPATCH\n","eventHandlersXml":"\u003Cxml xmlns=\u0022https://developers.google.com/blockly/xml\u0022\u003E\u003Cblock type=\u0022cu_when_awake\u0022 id=\u0022L3^|ax9p/Q{K4#As9:}m\u0022 x=\u0022620\u0022 y=\u0022-260\u0022\u003E\u003C/block\u003E\u003C/xml\u003E"}