{"mod":{"guid":"sd","name":"sd","version":"1.0.0","author":"","description":"","rootNamespace":"MyMod"},"items":[],"recipes":[],"assets":[],"eventHandlers":"//REGISTER_ITEM:{\u0022Id\u0022:\u0022myItem\u0022,\u0022FullName\u0022:\u0022My Item\u0022,\u0022Description\u0022:\u0022A description\u0022,\u0022Category\u0022:\u0022tool\u0022,\u0022Weight\u0022:0.4,\u0022Value\u0022:1,\u0022DecayMinutes\u0022:180,\u0022Recognition\u0022:2,\u0022SpawnFrequency\u0022:1,\u0022SpriteAssetId\u0022:\u0022CuBlocky.png\u0022}\n\n//REGISTER_ITEM:{\u0022Id\u0022:\u0022BIGmyItem\u0022,\u0022FullName\u0022:\u0022BIG My Item\u0022,\u0022Description\u0022:\u0022A BIG description\u0022,\u0022Category\u0022:\u0022nospawn\u0022,\u0022Weight\u0022:0.4,\u0022Value\u0022:1,\u0022DecayMinutes\u0022:180,\u0022Recognition\u0022:2,\u0022SpawnFrequency\u0022:1,\u0022SpriteAssetId\u0022:\u0022BlueprintCode.png\u0022}\n\n//REGISTER_RECIPE:{\u0022ResultId\u0022:\u0022BIGmyItem\u0022,\u0022Category\u0022:\u0022Tools\u0022,\u0022IntRequirement\u0022:2,\u0022ResultAmount\u0022:1,\u0022ResultCondition\u0022:1,\u0022IsLiquidResult\u0022:false,\u0022Ingredients\u0022:[{\u0022Mode\u0022:\u0022specific\u0022,\u0022Id\u0022:\u0022myItem\u0022,\u0022Amount\u0022:1,\u0022IsLiquid\u0022:false,\u0022DestroyItem\u0022:true},{\u0022Mode\u0022:\u0022specific\u0022,\u0022Id\u0022:\u0022myItem\u0022,\u0022Amount\u0022:1,\u0022IsLiquid\u0022:false,\u0022DestroyItem\u0022:true}]}\n\n//PATCH:Awake\nfor (int i = 0; i \u003C= 10; i\u002B\u002B) {\n  body.talker.Talk(\u0022WOW\u0022);\n}\n//ENDPATCH\n","eventHandlersXml":"\u003Cxml xmlns=\u0022https://developers.google.com/blockly/xml\u0022\u003E\u003Cblock type=\u0022cu_register_item\u0022 id=\u0022Su)X@eIpWps@D0cfrKj*\u0022 x=\u0022420\u0022 y=\u0022-20\u0022\u003E\u003Cfield name=\u0022FULL_NAME\u0022\u003EMy Item\u003C/field\u003E\u003Cfield name=\u0022DESC\u0022\u003EA description\u003C/field\u003E\u003Cfield name=\u0022CATEGORY\u0022\u003Etool\u003C/field\u003E\u003Cvalue name=\u0022ID\u0022\u003E\u003Cshadow type=\u0022cu_item_custom\u0022 id=\u0022FK_%|~:shBT.@^z]r|9;\u0022\u003E\u003Cfield name=\u0022ID\u0022\u003EmyItem\u003C/field\u003E\u003C/shadow\u003E\u003C/value\u003E\u003Cvalue name=\u0022SPRITE_REF\u0022\u003E\u003Cblock type=\u0022cu_sprite_ref\u0022 id=\u0022D1QAx_\u0060c\u002B95}sYz@1D.2\u0022\u003E\u003Cfield name=\u0022ASSET\u0022\u003ECuBlocky.png\u003C/field\u003E\u003C/block\u003E\u003C/value\u003E\u003C/block\u003E\u003Cblock type=\u0022cu_register_item\u0022 id=\u0022v70e#JinL];t]SCE{XxR\u0022 x=\u0022420\u0022 y=\u002260\u0022\u003E\u003Cfield name=\u0022FULL_NAME\u0022\u003EBIG My Item\u003C/field\u003E\u003Cfield name=\u0022DESC\u0022\u003EA BIG description\u003C/field\u003E\u003Cfield name=\u0022CATEGORY\u0022\u003Enospawn\u003C/field\u003E\u003Cvalue name=\u0022ID\u0022\u003E\u003Cshadow type=\u0022cu_item_custom\u0022 id=\u00221ik~=YN1C~TS7RvJjf*-\u0022\u003E\u003Cfield name=\u0022ID\u0022\u003EBIGmyItem\u003C/field\u003E\u003C/shadow\u003E\u003C/value\u003E\u003Cvalue name=\u0022SPRITE_REF\u0022\u003E\u003Cblock type=\u0022cu_sprite_ref\u0022 id=\u0022^d]$Z)_xtBqMclh[f?\u0060t\u0022\u003E\u003Cfield name=\u0022ASSET\u0022\u003EBlueprintCode.png\u003C/field\u003E\u003C/block\u003E\u003C/value\u003E\u003C/block\u003E\u003Cblock type=\u0022cu_register_recipe\u0022 id=\u0022\u0060OG6BHy[SfzbYei%D,A6\u0022 x=\u0022420\u0022 y=\u0022140\u0022\u003E\u003Cvalue name=\u0022INPUTS\u0022\u003E\u003Cshadow type=\u0022lists_create_with\u0022 id=\u0022,z=fe!_Q!*1h=RkwAJpc\u0022\u003E\u003Cmutation items=\u00223\u0022\u003E\u003C/mutation\u003E\u003C/shadow\u003E\u003Cblock type=\u0022lists_create_with\u0022 id=\u0022c]#f-;O[.=J]nagPR)/O\u0022\u003E\u003Cmutation items=\u00222\u0022\u003E\u003C/mutation\u003E\u003Cvalue name=\u0022ADD0\u0022\u003E\u003Cblock type=\u0022cu_item_custom\u0022 id=\u00225tUj\u002BLmdB,2/!UW9DtRa\u0022\u003E\u003Cfield name=\u0022ID\u0022\u003EmyItem\u003C/field\u003E\u003C/block\u003E\u003C/value\u003E\u003Cvalue name=\u0022ADD1\u0022\u003E\u003Cblock type=\u0022cu_item_custom\u0022 id=\u0022C4ULX}R~uG;=c~zBLXyM\u0022\u003E\u003Cfield name=\u0022ID\u0022\u003EmyItem\u003C/field\u003E\u003C/block\u003E\u003C/value\u003E\u003C/block\u003E\u003C/value\u003E\u003Cvalue name=\u0022OUTPUT\u0022\u003E\u003Cshadow type=\u0022cu_item_vanilla\u0022 id=\u0022H%7-9PI.-U%%2yljim%i\u0022\u003E\u003Cfield name=\u0022ID\u0022\u003Ebandage\u003C/field\u003E\u003C/shadow\u003E\u003Cblock type=\u0022cu_item_custom\u0022 id=\u0022b|m9g6)1R9{weY![uSsk\u0022\u003E\u003Cfield name=\u0022ID\u0022\u003EBIGmyItem\u003C/field\u003E\u003C/block\u003E\u003C/value\u003E\u003Cvalue name=\u0022AMOUNT\u0022\u003E\u003Cshadow type=\u0022cu_number\u0022 id=\u0022pQ8zfX3@%GgveTa*td$=\u0022\u003E\u003Cfield name=\u0022NUM\u0022\u003E1\u003C/field\u003E\u003C/shadow\u003E\u003C/value\u003E\u003Cvalue name=\u0022RESULT_CONDITION\u0022\u003E\u003Cshadow type=\u0022cu_number\u0022 id=\u0022ov~lSOVOkExikss,jJD%\u0022\u003E\u003Cfield name=\u0022NUM\u0022\u003E-1\u003C/field\u003E\u003C/shadow\u003E\u003C/value\u003E\u003Cvalue name=\u0022IS_REPAIR\u0022\u003E\u003Cshadow type=\u0022cu_false\u0022 id=\u0022QoyUaf2vXB\u0060=%G9WUPqd\u0022\u003E\u003C/shadow\u003E\u003C/value\u003E\u003C/block\u003E\u003Cblock type=\u0022cu_when_awake\u0022 id=\u0022K8.wuBz4[\u0060j}g16}rqzz\u0022 x=\u0022460\u0022 y=\u0022300\u0022\u003E\u003Cnext\u003E\u003Cblock type=\u0022cu_for_loop\u0022 id=\u0022q:Gzg!jECf]_SPawYd6Y\u0022\u003E\u003Cfield name=\u0022VAR\u0022\u003Ei\u003C/field\u003E\u003Cvalue name=\u0022FROM\u0022\u003E\u003Cshadow type=\u0022cu_number\u0022 id=\u0022^Qa\u002BOt*qP)!.G)nh,fcE\u0022\u003E\u003Cfield name=\u0022NUM\u0022\u003E0\u003C/field\u003E\u003C/shadow\u003E\u003C/value\u003E\u003Cvalue name=\u0022TO\u0022\u003E\u003Cshadow type=\u0022cu_number\u0022 id=\u0022!dPN{wA\u0060{31!!Gx^A-a0\u0022\u003E\u003Cfield name=\u0022NUM\u0022\u003E10\u003C/field\u003E\u003C/shadow\u003E\u003C/value\u003E\u003Cstatement name=\u0022SUBSTACK\u0022\u003E\u003Cblock type=\u0022cu_talk\u0022 id=\u0022Hg;7Hr0YMzv9J)\u002BcDGy.\u0022\u003E\u003Cvalue name=\u0022TEXT\u0022\u003E\u003Cshadow type=\u0022cu_text\u0022 id=\u0022Xo8N[Cwqp{~O-gk$p*T6\u0022\u003E\u003Cfield name=\u0022TEXT\u0022\u003EWOW\u003C/field\u003E\u003C/shadow\u003E\u003C/value\u003E\u003C/block\u003E\u003C/statement\u003E\u003C/block\u003E\u003C/next\u003E\u003C/block\u003E\u003C/xml\u003E"}